// !$*UTF8*$!
{
	archiveVersion = 1;
	classes = {
	};
	objectVersion = 56;
	objects = {

/* Begin PBXBuildFile section */
		101A3F452AE1B4DD007101F5 /* TodoSwiftUIApp.swift in Sources */ = {isa = PBXBuildFile; fileRef = 101A3F442AE1B4DD007101F5 /* TodoSwiftUIApp.swift */; };
		101A3F472AE1B4DD007101F5 /* ContentView.swift in Sources */ = {isa = PBXBuildFile; fileRef = 101A3F462AE1B4DD007101F5 /* ContentView.swift */; };
		101A3F492AE1B4DE007101F5 /* Assets.xcassets in Resources */ = {isa = PBXBuildFile; fileRef = 101A3F482AE1B4DE007101F5 /* Assets.xcassets */; };
		101A3F4D2AE1B4DE007101F5 /* Preview Assets.xcassets in Resources */ = {isa = PBXBuildFile; fileRef = 101A3F4C2AE1B4DE007101F5 /* Preview Assets.xcassets */; };
		101A3F572AE1B4DE007101F5 /* TodoSwiftUITests.swift in Sources */ = {isa = PBXBuildFile; fileRef = 101A3F562AE1B4DE007101F5 /* TodoSwiftUITests.swift */; };
		101A3F612AE1B4DE007101F5 /* TodoSwiftUIUITests.swift in Sources */ = {isa = PBXBuildFile; fileRef = 101A3F602AE1B4DE007101F5 /* TodoSwiftUIUITests.swift */; };
		101A3F632AE1B4DE007101F5 /* TodoSwiftUIUITestsLaunchTests.swift in Sources */ = {isa = PBXBuildFile; fileRef = 101A3F622AE1B4DE007101F5 /* TodoSwiftUIUITestsLaunchTests.swift */; };
/* End PBXBuildFile section */

/* Begin PBXContainerItemProxy section */
		101A3F532AE1B4DE007101F5 /* PBXContainerItemProxy */ = {
			isa = PBXContainerItemProxy;
			containerPortal = 101A3F392AE1B4DD007101F5 /* Project object */;
			proxyType = 1;
			remoteGlobalIDString = 101A3F402AE1B4DD007101F5;
			remoteInfo = TodoSwiftUI;
		};
		101A3F5D2AE1B4DE007101F5 /* PBXContainerItemProxy */ = {
			isa = PBXContainerItemProxy;
			containerPortal = 101A3F392AE1B4DD007101F5 /* Project object */;
			proxyType = 1;
			remoteGlobalIDString = 101A3F402AE1B4DD007101F5;
			remoteInfo = TodoSwiftUI;
		};
/* End PBXContainerItemProxy section */

/* Begin PBXFileReference section */
		101A3F412AE1B4DD007101F5 /* TodoSwiftUI.app */ = {isa = PBXFileReference; explicitFileType = wrapper.application; includeInIndex = 0; path = TodoSwiftUI.app; sourceTree = BUILT_PRODUCTS_DIR; };
		101A3F442AE1B4DD007101F5 /* TodoSwiftUIApp.swift */ = {isa = PBXFileReference; lastKnownFileType = sourcecode.swift; path = TodoSwiftUIApp.swift; sourceTree = "<group>"; };
		101A3F462AE1B4DD007101F5 /* ContentView.swift */ = {isa = PBXFileReference; lastKnownFileType = sourcecode.swift; path = ContentView.swift; sourceTree = "<group>"; };
		101A3F482AE1B4DE007101F5 /* Assets.xcassets */ = {isa = PBXFileReference; lastKnownFileType = folder.assetcatalog; path = Assets.xcassets; sourceTree = "<group>"; };
		101A3F4A2AE1B4DE007101F5 /* TodoSwiftUI.entitlements */ = {isa = PBXFileReference; lastKnownFileType = text.plist.entitlements; path = TodoSwiftUI.entitlements; sourceTree = "<group>"; };
		101A3F4C2AE1B4DE007101F5 /* Preview Assets.xcassets */ = {isa = PBXFileReference; lastKnownFileType = folder.assetcatalog; path = "Preview Assets.xcassets"; sourceTree = "<group>"; };
		101A3F522AE1B4DE007101F5 /* TodoSwiftUITests.xctest */ = {isa = PBXFileReference; explicitFileType = wrapper.cfbundle; includeInIndex = 0; path = TodoSwiftUITests.xctest; sourceTree = BUILT_PRODUCTS_DIR; };
		101A3F562AE1B4DE007101F5 /* TodoSwiftUITests.swift */ = {isa = PBXFileReference; lastKnownFileType = sourcecode.swift; path = TodoSwiftUITests.swift; sourceTree = "<group>"; };
		101A3F5C2AE1B4DE007101F5 /* TodoSwiftUIUITests.xctest */ = {isa = PBXFileReference; explicitFileType = wrapper.cfbundle; includeInIndex = 0; path = TodoSwiftUIUITests.xctest; sourceTree = BUILT_PRODUCTS_DIR; };
		101A3F602AE1B4DE007101F5 /* TodoSwiftUIUITests.swift */ = {isa = PBXFileReference; lastKnownFileType = sourcecode.swift; path = TodoSwiftUIUITests.swift; sourceTree = "<group>"; };
		101A3F622AE1B4DE007101F5 /* TodoSwiftUIUITestsLaunchTests.swift */ = {isa = PBXFileReference; lastKnownFileType = sourcecode.swift; path = TodoSwiftUIUITestsLaunchTests.swift; sourceTree = "<group>"; };
/* End PBXFileReference section */

/* Begin PBXFrameworksBuildPhase section */
		101A3F3E2AE1B4DD007101F5 /* Frameworks */ = {
			isa = PBXFrameworksBuildPhase;
			buildActionMask = 2147483647;
			files = (
			);
			runOnlyForDeploymentPostprocessing = 0;
		};
		101A3F4F2AE1B4DE007101F5 /* Frameworks */ = {
			isa = PBXFrameworksBuildPhase;
			buildActionMask = 2147483647;
			files = (
			);
			runOnlyForDeploymentPostprocessing = 0;
		};
		101A3F592AE1B4DE007101F5 /* Frameworks */ = {
			isa = PBXFrameworksBuildPhase;
			buildActionMask = 2147483647;
			files = (
			);
			runOnlyForDeploymentPostprocessing = 0;
		};
/* End PBXFrameworksBuildPhase section */

/* Begin PBXGroup section */
		101A3F382AE1B4DD007101F5 = {
			isa = PBXGroup;
			children = (
				101A3F432AE1B4DD007101F5 /* TodoSwiftUI */,
				101A3F552AE1B4DE007101F5 /* TodoSwiftUITests */,
				101A3F5F2AE1B4DE007101F5 /* TodoSwiftUIUITests */,
				101A3F422AE1B4DD007101F5 /* Products */,
			);
			sourceTree = "<group>";
		};
		101A3F422AE1B4DD007101F5 /* Products */ = {
			isa = PBXGroup;
			children = (
				101A3F412AE1B4DD007101F5 /* TodoSwiftUI.app */,
				101A3F522AE1B4DE007101F5 /* TodoSwiftUITests.xctest */,
				101A3F5C2AE1B4DE007101F5 /* TodoSwiftUIUITests.xctest */,
			);
			name = Products;
			sourceTree = "<group>";
		};
		101A3F432AE1B4DD007101F5 /* TodoSwiftUI */ = {
			isa = PBXGroup;
			children = (
				101A3F442AE1B4DD007101F5 /* TodoSwiftUIApp.swift */,
				101A3F462AE1B4DD007101F5 /* ContentView.swift */,
				101A3F482AE1B4DE007101F5 /* Assets.xcassets */,
				101A3F4A2AE1B4DE007101F5 /* TodoSwiftUI.entitlements */,
				101A3F4B2AE1B4DE007101F5 /* Preview Content */,
			);
			path = TodoSwiftUI;
			sourceTree = "<group>";
		};
		101A3F4B2AE1B4DE007101F5 /* Preview Content */ = {
			isa = PBXGroup;
			children = (
				101A3F4C2AE1B4DE007101F5 /* Preview Assets.xcassets */,
			);
			path = "Preview Content";
			sourceTree = "<group>";
		};
		101A3F552AE1B4DE007101F5 /* TodoSwiftUITests */ = {
			isa = PBXGroup;
			children = (
				101A3F562AE1B4DE007101F5 /* TodoSwiftUITests.swift */,
			);
			path = TodoSwiftUITests;
			sourceTree = "<group>";
		};
		101A3F5F2AE1B4DE007101F5 /* TodoSwiftUIUITests */ = {
			isa = PBXGroup;
			children = (
				101A3F602AE1B4DE007101F5 /* TodoSwiftUIUITests.swift */,
				101A3F622AE1B4DE007101F5 /* TodoSwiftUIUITestsLaunchTests.swift */,
			);
			path = TodoSwiftUIUITests;
			sourceTree = "<group>";
		};
/* End PBXGroup section */

/* Begin PBXNativeTarget section */
		101A3F402AE1B4DD007101F5 /* TodoSwiftUI */ = {
			isa = PBXNativeTarget;
			buildConfigurationList = 101A3F662AE1B4DE007101F5 /* Build configuration list for PBXNativeTarget "TodoSwiftUI" */;
			buildPhases = (
				101A3F3D2AE1B4DD007101F5 /* Sources */,
				101A3F3E2AE1B4DD007101F5 /* Frameworks */,
				101A3F3F2AE1B4DD007101F5 /* Resources */,
			);
			buildRules = (
			);
			dependencies = (
			);
			name = TodoSwiftUI;
			productName = TodoSwiftUI;
			productReference = 101A3F412AE1B4DD007101F5 /* TodoSwiftUI.app */;
			productType = "com.apple.product-type.application";
		};
		101A3F512AE1B4DE007101F5 /* TodoSwiftUITests */ = {
			isa = PBXNativeTarget;
			buildConfigurationList = 101A3F692AE1B4DE007101F5 /* Build configuration list for PBXNativeTarget "TodoSwiftUITests" */;
			buildPhases = (
				101A3F4E2AE1B4DE007101F5 /* Sources */,
				101A3F4F2AE1B4DE007101F5 /* Frameworks */,
				101A3F502AE1B4DE007101F5 /* Resources */,
			);
			buildRules = (
			);
			dependencies = (
				101A3F542AE1B4DE007101F5 /* PBXTargetDependency */,
			);
			name = TodoSwiftUITests;
			productName = TodoSwiftUITests;
			productReference = 101A3F522AE1B4DE007101F5 /* TodoSwiftUITests.xctest */;
			productType = "com.apple.product-type.bundle.unit-test";
		};
		101A3F5B2AE1B4DE007101F5 /* TodoSwiftUIUITests */ = {
			isa = PBXNativeTarget;
			buildConfigurationList = 101A3F6C2AE1B4DE007101F5 /* Build configuration list for PBXNativeTarget "TodoSwiftUIUITests" */;
			buildPhases = (
				101A3F582AE1B4DE007101F5 /* Sources */,
				101A3F592AE1B4DE007101F5 /* Frameworks */,
				101A3F5A2AE1B4DE007101F5 /* Resources */,
			);
			buildRules = (
			);
			dependencies = (
				101A3F5E2AE1B4DE007101F5 /* PBXTargetDependency */,
			);
			name = TodoSwiftUIUITests;
			productName = TodoSwiftUIUITests;
			productReference = 101A3F5C2AE1B4DE007101F5 /* TodoSwiftUIUITests.xctest */;
			productType = "com.apple.product-type.bundle.ui-testing";
		};
/* End PBXNativeTarget section */

/* Begin PBXProject section */
		101A3F392AE1B4DD007101F5 /* Project object */ = {
			isa = PBXProject;
			attributes = {
				BuildIndependentTargetsInParallel = 1;
				LastSwiftUpdateCheck = 1500;
				LastUpgradeCheck = 1500;
				TargetAttributes = {
					101A3F402AE1B4DD007101F5 = {
						CreatedOnToolsVersion = 15.0;
					};
					101A3F512AE1B4DE007101F5 = {
						CreatedOnToolsVersion = 15.0;
						TestTargetID = 101A3F402AE1B4DD007101F5;
					};
					101A3F5B2AE1B4DE007101F5 = {
						CreatedOnToolsVersion = 15.0;
						TestTargetID = 101A3F402AE1B4DD007101F5;
					};
				};
			};
			buildConfigurationList = 101A3F3C2AE1B4DD007101F5 /* Build configuration list for PBXProject "TodoSwiftUI" */;
			compatibilityVersion = "Xcode 14.0";
			developmentRegion = en;
			hasScannedForEncodings = 0;
			knownRegions = (
				en,
				Base,
			);
			mainGroup = 101A3F382AE1B4DD007101F5;
			productRefGroup = 101A3F422AE1B4DD007101F5 /* Products */;
			projectDirPath = "";
			projectRoot = "";
			targets = (
				101A3F402AE1B4DD007101F5 /* TodoSwiftUI */,
				101A3F512AE1B4DE007101F5 /* TodoSwiftUITests */,
				101A3F5B2AE1B4DE007101F5 /* TodoSwiftUIUITests */,
			);
		};
/* End PBXProject section */

/* Begin PBXResourcesBuildPhase section */
		101A3F3F2AE1B4DD007101F5 /* Resources */ = {
			isa = PBXResourcesBuildPhase;
			buildActionMask = 2147483647;
			files = (
				101A3F4D2AE1B4DE007101F5 /* Preview Assets.xcassets in Resources */,
				101A3F492AE1B4DE007101F5 /* Assets.xcassets in Resources */,
			);
			runOnlyForDeploymentPostprocessing = 0;
		};
		101A3F502AE1B4DE007101F5 /* Resources */ = {
			isa = PBXResourcesBuildPhase;
			buildActionMask = 2147483647;
			files = (
			);
			runOnlyForDeploymentPostprocessing = 0;
		};
		101A3F5A2AE1B4DE007101F5 /* Resources */ = {
			isa = PBXResourcesBuildPhase;
			buildActionMask = 2147483647;
			files = (
			);
			runOnlyForDeploymentPostprocessing = 0;
		};
/* End PBXResourcesBuildPhase section */

/* Begin PBXSourcesBuildPhase section */
		101A3F3D2AE1B4DD007101F5 /* Sources */ = {
			isa = PBXSourcesBuildPhase;
			buildActionMask = 2147483647;
			files = (
				101A3F472AE1B4DD007101F5 /* ContentView.swift in Sources */,
				101A3F452AE1B4DD007101F5 /* TodoSwiftUIApp.swift in Sources */,
			);
			runOnlyForDeploymentPostprocessing = 0;
		};
		101A3F4E2AE1B4DE007101F5 /* Sources */ = {
			isa = PBXSourcesBuildPhase;
			buildActionMask = 2147483647;
			files = (
				101A3F572AE1B4DE007101F5 /* TodoSwiftUITests.swift in Sources */,
			);
			runOnlyForDeploymentPostprocessing = 0;
		};
		101A3F582AE1B4DE007101F5 /* Sources */ = {
			isa = PBXSourcesBuildPhase;
			buildActionMask = 2147483647;
			files = (
				101A3F632AE1B4DE007101F5 /* TodoSwiftUIUITestsLaunchTests.swift in Sources */,
				101A3F612AE1B4DE007101F5 /* TodoSwiftUIUITests.swift in Sources */,
			);
			runOnlyForDeploymentPostprocessing = 0;
		};
/* End PBXSourcesBuildPhase section */

/* Begin PBXTargetDependency section */
		101A3F542AE1B4DE007101F5 /* PBXTargetDependency */ = {
			isa = PBXTargetDependency;
			target = 101A3F402AE1B4DD007101F5 /* TodoSwiftUI */;
			targetProxy = 101A3F532AE1B4DE007101F5 /* PBXContainerItemProxy */;
		};
		101A3F5E2AE1B4DE007101F5 /* PBXTargetDependency */ = {
			isa = PBXTargetDependency;
			target = 101A3F402AE1B4DD007101F5 /* TodoSwiftUI */;
			targetProxy = 101A3F5D2AE1B4DE007101F5 /* PBXContainerItemProxy */;
		};
/* End PBXTargetDependency section */

/* Begin XCBuildConfiguration section */
		101A3F642AE1B4DE007101F5 /* Debug */ = {
			isa = XCBuildConfiguration;
			buildSettings = {
				ALWAYS_SEARCH_USER_PATHS = NO;
				ASSETCATALOG_COMPILER_GENERATE_SWIFT_ASSET_SYMBOL_EXTENSIONS = YES;
				CLANG_ANALYZER_NONNULL = YES;
				CLANG_ANALYZER_NUMBER_OBJECT_CONVERSION = YES_AGGRESSIVE;
				CLANG_CXX_LANGUAGE_STANDARD = "gnu++20";
				CLANG_ENABLE_MODULES = YES;
				CLANG_ENABLE_OBJC_ARC = YES;
				CLANG_ENABLE_OBJC_WEAK = YES;
				CLANG_WARN_BLOCK_CAPTURE_AUTORELEASING = YES;
				CLANG_WARN_BOOL_CONVERSION = YES;
				CLANG_WARN_COMMA = YES;
				CLANG_WARN_CONSTANT_CONVERSION = YES;
				CLANG_WARN_DEPRECATED_OBJC_IMPLEMENTATIONS = YES;
				CLANG_WARN_DIRECT_OBJC_ISA_USAGE = YES_ERROR;
				CLANG_WARN_DOCUMENTATION_COMMENTS = YES;
				CLANG_WARN_EMPTY_BODY = YES;
				CLANG_WARN_ENUM_CONVERSION = YES;
				CLANG_WARN_INFINITE_RECURSION = YES;
				CLANG_WARN_INT_CONVERSION = YES;
				CLANG_WARN_NON_LITERAL_NULL_CONVERSION = YES;
				CLANG_WARN_OBJC_IMPLICIT_RETAIN_SELF = YES;
				CLANG_WARN_OBJC_LITERAL_CONVERSION = YES;
				CLANG_WARN_OBJC_ROOT_CLASS = YES_ERROR;
				CLANG_WARN_QUOTED_INCLUDE_IN_FRAMEWORK_HEADER = YES;
				CLANG_WARN_RANGE_LOOP_ANALYSIS = YES;
				CLANG_WARN_STRICT_PROTOTYPES = YES;
				CLANG_WARN_SUSPICIOUS_MOVE = YES;
				CLANG_WARN_UNGUARDED_AVAILABILITY = YES_AGGRESSIVE;
				CLANG_WARN_UNREACHABLE_CODE = YES;
				CLANG_WARN__DUPLICATE_METHOD_MATCH = YES;
				COPY_PHASE_STRIP = NO;
				DEBUG_INFORMATION_FORMAT = dwarf;
				ENABLE_STRICT_OBJC_MSGSEND = YES;
				ENABLE_TESTABILITY = YES;
				ENABLE_USER_SCRIPT_SANDBOXING = YES;
				GCC_C_LANGUAGE_STANDARD = gnu17;
				GCC_DYNAMIC_NO_PIC = NO;
				GCC_NO_COMMON_BLOCKS = YES;
				GCC_OPTIMIZATION_LEVEL = 0;
				GCC_PREPROCESSOR_DEFINITIONS = (
					"DEBUG=1",
					"$(inherited)",
				);
				GCC_WARN_64_TO_32_BIT_CONVERSION = YES;
				GCC_WARN_ABOUT_RETURN_TYPE = YES_ERROR;
				GCC_WARN_UNDECLARED_SELECTOR = YES;
				GCC_WARN_UNINITIALIZED_AUTOS = YES_AGGRESSIVE;
				GCC_WARN_UNUSED_FUNCTION = YES;
				GCC_WARN_UNUSED_VARIABLE = YES;
				LOCALIZATION_PREFERS_STRING_CATALOGS = YES;
				MTL_ENABLE_DEBUG_INFO = INCLUDE_SOURCE;
				MTL_FAST_MATH = YES;
				ONLY_ACTIVE_ARCH = YES;
				SWIFT_ACTIVE_COMPILATION_CONDITIONS = "DEBUG $(inherited)";
				SWIFT_OPTIMIZATION_LEVEL = "-Onone";
			};
			name = Debug;
		};
		101A3F652AE1B4DE007101F5 /* Release */ = {
			isa = XCBuildConfiguration;
			buildSettings = {
				ALWAYS_SEARCH_USER_PATHS = NO;
				ASSETCATALOG_COMPILER_GENERATE_SWIFT_ASSET_SYMBOL_EXTENSIONS = YES;
				CLANG_ANALYZER_NONNULL = YES;
				CLANG_ANALYZER_NUMBER_OBJECT_CONVERSION = YES_AGGRESSIVE;
				CLANG_CXX_LANGUAGE_STANDARD = "gnu++20";
				CLANG_ENABLE_MODULES = YES;
				CLANG_ENABLE_OBJC_ARC = YES;
				CLANG_ENABLE_OBJC_WEAK = YES;
				CLANG_WARN_BLOCK_CAPTURE_AUTORELEASING = YES;
				CLANG_WARN_BOOL_CONVERSION = YES;
				CLANG_WARN_COMMA = YES;
				CLANG_WARN_CONSTANT_CONVERSION = YES;
				CLANG_WARN_DEPRECATED_OBJC_IMPLEMENTATIONS = YES;
				CLANG_WARN_DIRECT_OBJC_ISA_USAGE = YES_ERROR;
				CLANG_WARN_DOCUMENTATION_COMMENTS = YES;
				CLANG_WARN_EMPTY_BODY = YES;
				CLANG_WARN_ENUM_CONVERSION = YES;
				CLANG_WARN_INFINITE_RECURSION = YES;
				CLANG_WARN_INT_CONVERSION = YES;
				CLANG_WARN_NON_LITERAL_NULL_CONVERSION = YES;
				CLANG_WARN_OBJC_IMPLICIT_RETAIN_SELF = YES;
				CLANG_WARN_OBJC_LITERAL_CONVERSION = YES;
				CLANG_WARN_OBJC_ROOT_CLASS = YES_ERROR;
				CLANG_WARN_QUOTED_INCLUDE_IN_FRAMEWORK_HEADER = YES;
				CLANG_WARN_RANGE_LOOP_ANALYSIS = YES;
				CLANG_WARN_STRICT_PROTOTYPES = YES;
				CLANG_WARN_SUSPICIOUS_MOVE = YES;
				CLANG_WARN_UNGUARDED_AVAILABILITY = YES_AGGRESSIVE;
				CLANG_WARN_UNREACHABLE_CODE = YES;
				CLANG_WARN__DUPLICATE_METHOD_MATCH = YES;
				COPY_PHASE_STRIP = NO;
				DEBUG_INFORMATION_FORMAT = "dwarf-with-dsym";
				ENABLE_NS_ASSERTIONS = NO;
				ENABLE_STRICT_OBJC_MSGSEND = YES;
				ENABLE_USER_SCRIPT_SANDBOXING = YES;
				GCC_C_LANGUAGE_STANDARD = gnu17;
				GCC_NO_COMMON_BLOCKS = YES;
				GCC_WARN_64_TO_32_BIT_CONVERSION = YES;
				GCC_WARN_ABOUT_RETURN_TYPE = YES_ERROR;
				GCC_WARN_UNDECLARED_SELECTOR = YES;
				GCC_WARN_UNINITIALIZED_AUTOS = YES_AGGRESSIVE;
				GCC_WARN_UNUSED_FUNCTION = YES;
				GCC_WARN_UNUSED_VARIABLE = YES;
				LOCALIZATION_PREFERS_STRING_CATALOGS = YES;
				MTL_ENABLE_DEBUG_INFO = NO;
				MTL_FAST_MATH = YES;
				SWIFT_COMPILATION_MODE = wholemodule;
			};
			name = Release;
		};
		101A3F672AE1B4DE007101F5 /* Debug */ = {
			isa = XCBuildConfiguration;
			buildSettings = {
				ASSETCATALOG_COMPILER_APPICON_NAME = AppIcon;
				ASSETCATALOG_COMPILER_GLOBAL_ACCENT_COLOR_NAME = AccentColor;
				CODE_SIGN_ENTITLEMENTS = TodoSwiftUI/TodoSwiftUI.entitlements;
				CODE_SIGN_STYLE = Automatic;
				CURRENT_PROJECT_VERSION = 1;
				DEVELOPMENT_ASSET_PATHS = "\"TodoSwiftUI/Preview Content\"";
				DEVELOPMENT_TEAM = 939KBM9622;
				ENABLE_HARDENED_RUNTIME = YES;
				ENABLE_PREVIEWS = YES;
				GENERATE_INFOPLIST_FILE = YES;
				"INFOPLIST_KEY_UIApplicationSceneManifest_Generation[sdk=iphoneos*]" = YES;
				"INFOPLIST_KEY_UIApplicationSceneManifest_Generation[sdk=iphonesimulator*]" = YES;
				"INFOPLIST_KEY_UIApplicationSupportsIndirectInputEvents[sdk=iphoneos*]" = YES;
				"INFOPLIST_KEY_UIApplicationSupportsIndirectInputEvents[sdk=iphonesimulator*]" = YES;
				"INFOPLIST_KEY_UILaunchScreen_Generation[sdk=iphoneos*]" = YES;
				"INFOPLIST_KEY_UILaunchScreen_Generation[sdk=iphonesimulator*]" = YES;
				"INFOPLIST_KEY_UIStatusBarStyle[sdk=iphoneos*]" = UIStatusBarStyleDefault;
				"INFOPLIST_KEY_UIStatusBarStyle[sdk=iphonesimulator*]" = UIStatusBarStyleDefault;
				INFOPLIST_KEY_UISupportedInterfaceOrientations_iPad = "UIInterfaceOrientationPortrait UIInterfaceOrientationPortraitUpsideDown UIInterfaceOrientationLandscapeLeft UIInterfaceOrientationLandscapeRight";
				INFOPLIST_KEY_UISupportedInterfaceOrientations_iPhone = "UIInterfaceOrientationPortrait UIInterfaceOrientationLandscapeLeft UIInterfaceOrientationLandscapeRight";
				IPHONEOS_DEPLOYMENT_TARGET = 17.0;
				LD_RUNPATH_SEARCH_PATHS = "@executable_path/Frameworks";
				"LD_RUNPATH_SEARCH_PATHS[sdk=macosx*]" = "@executable_path/../Frameworks";
				MACOSX_DEPLOYMENT_TARGET = 13.5;
				MARKETING_VERSION = 1.0;
				PRODUCT_BUNDLE_IDENTIFIER = ZackKlopukh.TodoSwiftUI;
				PRODUCT_NAME = "$(TARGET_NAME)";
				SDKROOT = auto;
				SUPPORTED_PLATFORMS = "iphoneos iphonesimulator macosx";
				SWIFT_EMIT_LOC_STRINGS = YES;
				SWIFT_VERSION = 5.0;
				TARGETED_DEVICE_FAMILY = "1,2";
			};
			name = Debug;
		};
		101A3F682AE1B4DE007101F5 /* Release */ = {
			isa = XCBuildConfiguration;
			buildSettings = {
				ASSETCATALOG_COMPILER_APPICON_NAME = AppIcon;
				ASSETCATALOG_COMPILER_GLOBAL_ACCENT_COLOR_NAME = AccentColor;
				CODE_SIGN_ENTITLEMENTS = TodoSwiftUI/TodoSwiftUI.entitlements;
				CODE_SIGN_STYLE = Automatic;
				CURRENT_PROJECT_VERSION = 1;
				DEVELOPMENT_ASSET_PATHS = "\"TodoSwiftUI/Preview Content\"";
				DEVELOPMENT_TEAM = 939KBM9622;
				ENABLE_HARDENED_RUNTIME = YES;
				ENABLE_PREVIEWS = YES;
				GENERATE_INFOPLIST_FILE = YES;
				"INFOPLIST_KEY_UIApplicationSceneManifest_Generation[sdk=iphoneos*]" = YES;
				"INFOPLIST_KEY_UIApplicationSceneManifest_Generation[sdk=iphonesimulator*]" = YES;
				"INFOPLIST_KEY_UIApplicationSupportsIndirectInputEvents[sdk=iphoneos*]" = YES;
				"INFOPLIST_KEY_UIApplicationSupportsIndirectInputEvents[sdk=iphonesimulator*]" = YES;
				"INFOPLIST_KEY_UILaunchScreen_Generation[sdk=iphoneos*]" = YES;
				"INFOPLIST_KEY_UILaunchScreen_Generation[sdk=iphonesimulator*]" = YES;
				"INFOPLIST_KEY_UIStatusBarStyle[sdk=iphoneos*]" = UIStatusBarStyleDefault;
				"INFOPLIST_KEY_UIStatusBarStyle[sdk=iphonesimulator*]" = UIStatusBarStyleDefault;
				INFOPLIST_KEY_UISupportedInterfaceOrientations_iPad = "UIInterfaceOrientationPortrait UIInterfaceOrientationPortraitUpsideDown UIInterfaceOrientationLandscapeLeft UIInterfaceOrientationLandscapeRight";
				INFOPLIST_KEY_UISupportedInterfaceOrientations_iPhone = "UIInterfaceOrientationPortrait UIInterfaceOrientationLandscapeLeft UIInterfaceOrientationLandscapeRight";
				IPHONEOS_DEPLOYMENT_TARGET = 17.0;
				LD_RUNPATH_SEARCH_PATHS = "@executable_path/Frameworks";
				"LD_RUNPATH_SEARCH_PATHS[sdk=macosx*]" = "@executable_path/../Frameworks";
				MACOSX_DEPLOYMENT_TARGET = 13.5;
				MARKETING_VERSION = 1.0;
				PRODUCT_BUNDLE_IDENTIFIER = ZackKlopukh.TodoSwiftUI;
				PRODUCT_NAME = "$(TARGET_NAME)";
				SDKROOT = auto;
				SUPPORTED_PLATFORMS = "iphoneos iphonesimulator macosx";
				SWIFT_EMIT_LOC_STRINGS = YES;
				SWIFT_VERSION = 5.0;
				TARGETED_DEVICE_FAMILY = "1,2";
			};
			name = Release;
		};
		101A3F6A2AE1B4DE007101F5 /* Debug */ = {
			isa = XCBuildConfiguration;
			buildSettings = {
				ALWAYS_EMBED_SWIFT_STANDARD_LIBRARIES = YES;
				BUNDLE_LOADER = "$(TEST_HOST)";
				CODE_SIGN_STYLE = Automatic;
				CURRENT_PROJECT_VERSION = 1;
				DEVELOPMENT_TEAM = 939KBM9622;
				GENERATE_INFOPLIST_FILE = YES;
				IPHONEOS_DEPLOYMENT_TARGET = 17.0;
				MACOSX_DEPLOYMENT_TARGET = 13.5;
				MARKETING_VERSION = 1.0;
				PRODUCT_BUNDLE_IDENTIFIER = ZackKlopukh.TodoSwiftUITests;
				PRODUCT_NAME = "$(TARGET_NAME)";
				SDKROOT = auto;
				SUPPORTED_PLATFORMS = "iphoneos iphonesimulator macosx";
				SWIFT_EMIT_LOC_STRINGS = NO;
				SWIFT_VERSION = 5.0;
				TARGETED_DEVICE_FAMILY = "1,2";
				TEST_HOST = "$(BUILT_PRODUCTS_DIR)/TodoSwiftUI.app/$(BUNDLE_EXECUTABLE_FOLDER_PATH)/TodoSwiftUI";
			};
			name = Debug;
		};
		101A3F6B2AE1B4DE007101F5 /* Release */ = {
			isa = XCBuildConfiguration;
			buildSettings = {
				ALWAYS_EMBED_SWIFT_STANDARD_LIBRARIES = YES;
				BUNDLE_LOADER = "$(TEST_HOST)";
				CODE_SIGN_STYLE = Automatic;
				CURRENT_PROJECT_VERSION = 1;
				DEVELOPMENT_TEAM = 939KBM9622;
				GENERATE_INFOPLIST_FILE = YES;
				IPHONEOS_DEPLOYMENT_TARGET = 17.0;
				MACOSX_DEPLOYMENT_TARGET = 13.5;
				MARKETING_VERSION = 1.0;
				PRODUCT_BUNDLE_IDENTIFIER = ZackKlopukh.TodoSwiftUITests;
				PRODUCT_NAME = "$(TARGET_NAME)";
				SDKROOT = auto;
				SUPPORTED_PLATFORMS = "iphoneos iphonesimulator macosx";
				SWIFT_EMIT_LOC_STRINGS = NO;
				SWIFT_VERSION = 5.0;
				TARGETED_DEVICE_FAMILY = "1,2";
				TEST_HOST = "$(BUILT_PRODUCTS_DIR)/TodoSwiftUI.app/$(BUNDLE_EXECUTABLE_FOLDER_PATH)/TodoSwiftUI";
			};
			name = Release;
		};
		101A3F6D2AE1B4DE007101F5 /* Debug */ = {
			isa = XCBuildConfiguration;
			buildSettings = {
				ALWAYS_EMBED_SWIFT_STANDARD_LIBRARIES = YES;
				CODE_SIGN_STYLE = Automatic;
				CURRENT_PROJECT_VERSION = 1;
				DEVELOPMENT_TEAM = 939KBM9622;
				GENERATE_INFOPLIST_FILE = YES;
				IPHONEOS_DEPLOYMENT_TARGET = 17.0;
				MACOSX_DEPLOYMENT_TARGET = 13.5;
				MARKETING_VERSION = 1.0;
				PRODUCT_BUNDLE_IDENTIFIER = ZackKlopukh.TodoSwiftUIUITests;
				PRODUCT_NAME = "$(TARGET_NAME)";
				SDKROOT = auto;
				SUPPORTED_PLATFORMS = "iphoneos iphonesimulator macosx";
				SWIFT_EMIT_LOC_STRINGS = NO;
				SWIFT_VERSION = 5.0;
				TARGETED_DEVICE_FAMILY = "1,2";
				TEST_TARGET_NAME = TodoSwiftUI;
			};
			name = Debug;
		};
		101A3F6E2AE1B4DE007101F5 /* Release */ = {
			isa = XCBuildConfiguration;
			buildSettings = {
				ALWAYS_EMBED_SWIFT_STANDARD_LIBRARIES = YES;
				CODE_SIGN_STYLE = Automatic;
				CURRENT_PROJECT_VERSION = 1;
				DEVELOPMENT_TEAM = 939KBM9622;
				GENERATE_INFOPLIST_FILE = YES;
				IPHONEOS_DEPLOYMENT_TARGET = 17.0;
				MACOSX_DEPLOYMENT_TARGET = 13.5;
				MARKETING_VERSION = 1.0;
				PRODUCT_BUNDLE_IDENTIFIER = ZackKlopukh.TodoSwiftUIUITests;
				PRODUCT_NAME = "$(TARGET_NAME)";
				SDKROOT = auto;
				SUPPORTED_PLATFORMS = "iphoneos iphonesimulator macosx";
				SWIFT_EMIT_LOC_STRINGS = NO;
				SWIFT_VERSION = 5.0;
				TARGETED_DEVICE_FAMILY = "1,2";
				TEST_TARGET_NAME = TodoSwiftUI;
			};
			name = Release;
		};
/* End XCBuildConfiguration section */

/* Begin XCConfigurationList section */
		101A3F3C2AE1B4DD007101F5 /* Build configuration list for PBXProject "TodoSwiftUI" */ = {
			isa = XCConfigurationList;
			buildConfigurations = (
				101A3F642AE1B4DE007101F5 /* Debug */,
				101A3F652AE1B4DE007101F5 /* Release */,
			);
			defaultConfigurationIsVisible = 0;
			defaultConfigurationName = Release;
		};
		101A3F662AE1B4DE007101F5 /* Build configuration list for PBXNativeTarget "TodoSwiftUI" */ = {
			isa = XCConfigurationList;
			buildConfigurations = (
				101A3F672AE1B4DE007101F5 /* Debug */,
				101A3F682AE1B4DE007101F5 /* Release */,
			);
			defaultConfigurationIsVisible = 0;
			defaultConfigurationName = Release;
		};
		101A3F692AE1B4DE007101F5 /* Build configuration list for PBXNativeTarget "TodoSwiftUITests" */ = {
			isa = XCConfigurationList;
			buildConfigurations = (
				101A3F6A2AE1B4DE007101F5 /* Debug */,
				101A3F6B2AE1B4DE007101F5 /* Release */,
			);
			defaultConfigurationIsVisible = 0;
			defaultConfigurationName = Release;
		};
		101A3F6C2AE1B4DE007101F5 /* Build configuration list for PBXNativeTarget "TodoSwiftUIUITests" */ = {
			isa = XCConfigurationList;
			buildConfigurations = (
				101A3F6D2AE1B4DE007101F5 /* Debug */,
				101A3F6E2AE1B4DE007101F5 /* Release */,
			);
			defaultConfigurationIsVisible = 0;
			defaultConfigurationName = Release;
		};
/* End XCConfigurationList section */
	};
	rootObject = 101A3F392AE1B4DD007101F5 /* Project object */;
}
